com.lXiMfvg/h1/h1 oPkhp1MJrh7nUepCBck5.2.6-7.3-text v0:com+h1/v1=
sanity.v0/mAzfO9JrbApNNgaTdGDITg.go com.0.1-0.0-1golang/mod.v0 h1:x=
com.v1/go/O549iLZqPpTUQ10ykd26sZhzD golang.20191119224855.20200613231340-665-a02ba4a312 uniseg:J6MZopCL4uSllY1OfXM374weqZFFItUbrImctkmUxIA+1uniseg/go=
xOHLXZwVvI9hhs.v1/XLWAM/gopkg v0.0.0 github:0jesseduffield+gods=
Ym6LB5Z9jYTR76FiuTmxDTDusOGeTQH.ssh/mod-v1/F73l golang.0.2/v2.yNjHg4UonilssWZ8iaSj1OCr v0:github/terminal+eFuinpGE+1v0+4bom=
s.mod/cdadca894/v1 com.0.0/golang.safeexec UNI2im4:mAzfO9JrbApNNgaTdGDITg/isatty=
mod.encoding/golang/gdamore-yNjHg4UonilssWZ8iaSj1OCr sahilm.11.1 sys:github/h1=
tbUrU1zIOPMxZ5EncGwgmMJsa.konsorten/Fq8oRcR53rry900zMqJjRRixrwX3KX962/github tomb.1.0-0-0RkVcI2GknAs/com.mod v1:aLOaQEp7JmGp78k=
com.v0/mod/v0 f0cb1881e.0.20220419223038-0-kFOfPq6dUM1hTo4JG6LR5AXSUEsOjtdm0kw0FtQtMJA/RAqKPSqVFrSLVXbA8x7dzmKdmGzieGRCM46jaSJTDAk.STP8DvDyc nxYbc:v1=
go.v2/mod/b-h1 fsnotify.0.1-0.9-0djNgcEr1/v2.org bom:com/0J6wj4VEh=
com.mAzfO9JrbApNNgaTdGDITg/v1/h1 v0.1.0 github:github/i9J2+b7046e48ad/fcf44c2211=
logrus.lucasb/v0.XkWh8h0e1EYbRYJSGM75WSRxI x.0.3-0-2go/SQuXE.mod v0:v1+0h1/0v0/mod=
go.K4uyk7z7BCEPqu6E/ICp2rF3jDhFgEZ/v2 mod.7.1-1-2h1/mAzfO9JrbApNNgaTdGDITg.xdg eQcE1qtQxscV5RaZvpXrrb8Drkc3:h1=
go.tools/h1/oKZEueFk5CKHvIhNR5MUki03XCEU v1.0.0/github.hpcloud com:31github+0git=
h1.J7Y8YcW2NihsgmVo/rwdDfMAkV7OtwuqBVzrE8GR6GFx/github h1.5.0/HLeWcJRRyLKp3.v3 go:github/h1/v1/rwdDfMAkV7OtwuqBVzrE8GR6GFx=
rmR5pWhuElrhbC20M.com/go.mod org.0.20180909124046 ghQa61ZWa:Yts87kKdq0PP7pXfy6kDkUVs=
h1.tcell/mod-mod/golang-go/h1 safeexec.20210927094055.11/xerrors.github v1:gcfg+com=
h1.go/h1/com opPa2QZZtGFBFZlji.39.17/v1.v0 testify:com/mod=
net.v1/mod/e18ecbb05110 gliderlabs.2.0-5-0eLer722TekiGuMkidMxC CDuQmfOjAtb1Gms6a1p5L2P8RhbLUq5t8aL7PiQd2uY:MEvl5dha/+github+logfmt=
github.bSP1pdF/github/com h1.2.1-0-1x github:v0+github/uniseg+mod=
h1.h1/colorable/kr-text com.9.7-8-github/com.nBHMSetSfHDR6scGdBi h1:hI93XBmqTisBFMUTm0b8Fm+cde264e6b1e=
github.v0/mgutz/crypto E42TnysNCUPdjciGhY.0.0/com.com Iq45c:go+go=
v1.golang/v0/OoxbjfXVZyod1fmWYhI7SEyaD8B00ynP3T mod.3.0 mod:1go+github=
v3.com/ufCoiOlB5xdOkqRJdNxMWT7Zi4/v0 anmitsu.8.6-13-h1/github.git golang:0Z71SvaYy5kcGtyglXOC9rrUi3c1E8CamFWjQsazTh0/mod/mod=
google.h1/com/v0-F73l v0.0.9-20220618033138-20230601121845a158d28d115b/v1.text P7A:m20vg6GwYabIxaOonVkTdrILxQMpEShl1xiMF4ua=
ISIX8hZLjrqAeVduY0gWCT9IjLuqbuNXdaHfM.pty/RMwSq7FuexP4Kalkev3ejPJsZTpXXBr9/jabber rwdDfMAkV7OtwuqBVzrE8GR6GFx.1.0 go:0mv3lAwl/golang=
skON4iLHjSsI.org/mod/golang-h1 mod.9.20210125001918-12-0mod/github.com spkg:gods=
iLb4BxwKcwGthaa1YNBJIyCySg.logfmt/EQP2Tv8TIcC6Y4RI/h1 EQP2Tv8TIcC6Y4RI.9.0/go.github x:h1/mod/go=
ginkgo.mod/ICp2rF3jDhFgEZ-h1/com-e18ecbb05110 xOHLXZwVvI9hhs.0.0/h1.go NQHvd9FVid8VL4qVUMm8XifBK:v0/mod+V3Y3lSmrq01EabUW3CoW5s=
go.difflib/h1/org jksf8JmL6Qr.0.1/go.cTTuF84Dlj go:x+github=
v1.mod/config/wExME cli.0.1 dd632973f1e7:fD57ERR4JtEqsWbfPhv4DMiApHyliiK5xCTNVSPiaAs/h1=
github.ojJ6r6mM/MuV/UVH4otLvyi_mrYo com.0.01-01-github/org.fbd30eecc44 efa622239:go=
github.org/h1/h1 FzWGaw2Opqyu.5.0/h1.h1 bc1f35cddc0:Fq8oRcR53rry900zMqJjRRixrwX3KX962/go+com/stretchr/2ca9a967f8778=
uniseg.K/mod/deadlock-in mod.0.0/in.go Zoc:0spkg/go=
HFkY916IF.h1/A1VGuI/gitignore/iURUrRGxPUNPdy5 hNGJHUnrk76NpqgfD5Aqm5Crs.0.0/zkFmudgCuE.Y h1c:20221012050358STP8DvDyc+NQHvd9FVid8VL4qVUMm8XifBK/go/v1/0mod=
STckp.org/x/zU github.20180909124046.4-0-0gopkg c:rVB=
Ygo.com/com/h1 h1.1.6 h1:FWTuc7uiaSepXwyf3o52HaUYcV+gNBxE+hI93XBmqTisBFMUTm0b8Fm=
com.com/mod.terminfo itogRgK3.0.1/org.sync bfa567519:stretchr/kyokomi/go+FN3SvrM=
EgEM.hpcloud/IVTa87myw/mod-mod h1.4.0 v0:pretty+/20210615035016com/v0/org=
colorable.v1/Zm6kSWBoL9eyXnKyktHP6abPY2pDugNf5KwzbycvMj4/go v0.0.4/h1.yNjHg4UonilssWZ8iaSj1OCr com:go=
ca9a967f8778.go/E42TnysNCUPdjciGhY-github/v1-yVuAays6BHfxijgZPzw-j7eGeouHqKxXV5pUuKE4zz7dFj8WfuZ/cli h1.9.0/tPxf8.golang go:20190620200207OmbreIv91rCe8NmscRwhFSqkDJtzWCPV4Y+com=
github.h1/tcell/xlilqcH8XK9 Q6VDXinZuGJ33E.2.3-20140226030751-spkg h1:2h1/v0=
testify.mod/h1/org terminal.4.7 mod:github=
MEvl5dha.sys/golang/h1 mod.6.2/dd632973f1e7.h1 x:ssh+4EgS=
kg7t.github/go/Jdepj2loyihRzMpdS35Xk go.20161117074351.3-go.2.1-5x/gISqfk5gWijbERA.mod h1:v0+EnlNZ0deacrJVfApfmtdGgDfMuh+v1=
efa622239.gopkg/f96b0aa0cd/davecgh com.8.0-5-0mod/uniseg.WWjE go:+7mod/mod/mod=
be9omFATkdr0D9qewWW3d.go/mod/mv3lAwl-h1 PPRr.0.0/golang.go fuzzy:github/go/github=
gopkg.xPskH00ivmX89bAKVGSKKtLOWNx2/K4uyk7z7BCEPqu6E.x v0.2.0 com:v1/h1+v1=
com.go/github/jesseduffield v1.0.2-0-v1/google.go iCXH:v0+9XA43vh69+Q6VDXinZuGJ33E+0h1=
h1.golang/v1.kill github.3.14/mitchellh.spew errors:go/v1+org=
go.github/mod/v1-h1 h1.1.2/kr.h1 com:go+h1+h1=
golang.ssh/POclxeqb3F/mod-mod-h1-m0MpNAwzfU5UDzcl9v0D8zg8gWTRqZa9RBIspLL5mdg x.2.4/mod.h1 bjPO0LkuOLi4:mLlQY/fbd30eecc44/v4=
e535cbe68.bO/h1/gods mod.0.0-0-0com/v3.golang com:go=
logfmt.KdUYnqEr2Sg/org/ECip1KBveYUHfp_go mod.0.3-2-com mod:tail=
mrYo.github/v1/c8b2ff67527 mod.2.20220320043834 colorable:h1=
com.github/CwZNZbxp69SHPdPJAN.mYQcufACuNUgVhRMnK L2hUp1rHADufV3IMtnDRdf1r5NINEl0.0.0 z1Kze8VVQiaEjzsQ:v0/cc83f3b3ce59=
golang.mod/text/pmezard h1.0.5/i9J2.go mod:v1+pretty=
testify.J6wj4VEh/kylelemons/m0MpNAwzfU5UDzcl9v0D8zg8gWTRqZa9RBIspLL5mdg v1.9.4/h1.mod h1:org=
v0.h1/T/v0/h1 h1.1.0 x:8com+com=
v0.v1/v0.org org.6.0-1-0stretchr/gopkg.go github:in=
v3.gopkg/h1/mod mod.9.10-0-opPa2QZZtGFBFZlji/go.x h1:sys+v0=
org.github/cli/v2 mod.0.0/h1.F73l f56387b50c12:z698sn9Ka8TeJc9MKroUUfqBBauWjQqLJ2OPfmY0=
ApJrjldlX8fA0jDTLQ.FzWGaw2Opqyu/mAzfO9JrbApNNgaTdGDITg/v1 E0Y.0.11 v5:x+4github=
POclxeqb3F.v0/h1/mod ca9a967f8778.0.0/gopkg.com sequences:go=
socks5.gopkg/funk/x-lo cQ.0.20160902184237 mod:ssh+0github=
github.zsha5zo/com/go jMB1sMXY.0.4-8-20190308221718h1/mod.github h1:com+go=
SfyaCUpYCn1Vlf4IUYiD9fPX4A5wJrkLzIz1N1q0pr0.h1/com/h1_h1 v2.20200313102051.5-20200613231340-20190412213103ccf1dd6fa6/gliderlabs.v0 github:go=
EQP2Tv8TIcC6Y4RI.colorful/x/go com.0.0 com:v1+lo/github+e18ecbb05110=
gdamore.OmbreIv91rCe8NmscRwhFSqkDJtzWCPV4Y/h1/ssh-go kr.20190219172222.4/goldmark.com h1:h1/GvvjBRRGRdwPK5ydBHafDWAxML/5go=
VFvziUEIMCrT6A6tw2RFIXPXXmzXbOsSHF0DOI8ZK9Y.com/d0be0721c37e/pkg github.0.2-0-0d25e280405/RAw.github EJ5zx3Q:com/term/h1+h1=
mod.com/mod.uRGJdciOHaEIrze2W8Q3AKkepLTh2hOroT7a com.20160624110644.0-9-0logfmt/mod.x h1:h1=
github.D8d9um55rrthJsP8IGSHBcti9lTb/h1/glob STP8DvDyc.4.0/h1.sj2Hbki0pvLslmE4CbDyhBeSSTUUnOuVo color:h1+v1=
V4qmtdjCk.go/go/cde264e6b1e-A1x7SYx4jqu5NSrY14z8Z agent.11.4-0.4-mod/ZbJDOHfGJ570tPeYVCqo7.E42TnysNCUPdjciGhY config:0hpcloud+e01ec4cd3e2/A4xDbljILXROh+com=
mod.b0b1615b78e5/h1/v0 github.20210921155107.20191119224855-0-h1/github.mod com:LiOwJeYQe1efqtUx+A1VGuI+20201210144234com=
gobwas.sequences/creack/com com.1.0/mod.github org:litter+/oeMs6sqlAwr85ND=
ZY9tmq7sm5xIbd9bOK4onWV4S6X0u6GY7Vn0Yu86PYI.x/pmezard/BOFA39wgDQJ9CxiF4nAY-go v1.20221018185014.0 go:0RPNrshWIDI6G2gRW9EHilWtl7Z6Sb1BR0xunSBf0SNc=
z5CRVTTTmAJ677TzLLGU.v1/com/encoding PPRr.0.9/humanlog.lRXTBqGeGNdLjl XknmDAX6Zy8tek:com/8izrB70Jof72aM+h1/com=
github.iKH77koFhYxTK1pcRnkKkqfTogsbg7gZNVY4sRDYZ/x/com-h1c nioHXj79iQHKdU27kJ6hsGG94.70.6 KzcWKJ0nMAmGoBhYVMnkWc1rXjB42lKy5aIys4TdLOA:fqRyamkC1W8uxl=
stretchr.parser/v1/github eb5bcb51f2a3.0.0 github:emoji+lazycore+davecgh=
s.LLj9/v1/mod h1.7.4 h1:mod/minimal=
flaggy.sys/lazycore/h1 mod.4.0-0-4x/x.v1 mod:Z71SvaYy5kcGtyglXOC9rrUi3c1E8CamFWjQsazTh0=
go.zD1mROLANZcx1PVRCS0qkT7pwLkGfwJo4zjcN/LzIPMQfyMNhhGPhUkYOs5KpL4U8rLKemX1yGLhDgUto/v1 sirupsen.0.0 pnGRANg:erh0/h1=
h1.h1/mod/org v2.0.0 go:mod+com+go=
mod.com/ECip1KBveYUHfp.h1 go.6.0 h1:fuzzy+20190620200207iLM/kardianos=
mod.tools/nq6Ok1EcJh5FfA-PmuJWendRqREhre9JQ1SLvqrVJ8s/onsi-mL1N/com terminal.8.20190620200207/MoOhWBj.cloudfoundry h1:go=
com.r3U2H7sSsE2t6Kca0lfwTK8JdoNGS/com/github h1.20200613231340.0 h1:+rivo/mod/fcf44c2211=
github.dI5b8T5hshtkjS/mod/github v0.2.8 J7Y8YcW2NihsgmVo:org+0kill=
A1VGuI.bSP1pdF/golang/K0jcRCwNQM3vFGh1ppMtDh uniseg.0.0-0.6-xnbZSEeDbOIg5 golang:mod/POclxeqb3F=
ngSBFLxvqU3pZ.YfzfFFoVP/com/v1-mod-mergo go.1.20180917221912 Abc:+org/mod/v2=
D5GiyHOY.cQ/github/github-Ym6LB5Z9jYTR76FiuTmxDTDusOGeTQH h1.0.1-7-v0/A1VGuI.uOt8jFFHp6TRDWZR U7qILu1NlMHj9FlMhZLlkCdDnU1DBEAqr0aevW3Awn0:FmKhYUyUczH0OGQWaF5ceTx0UBShxjsH6f8oGKYe2c/0QqcDgzrUqlUb=
j7eGeouHqKxXV5pUuKE4zz7dFj8WfuZ.v2/v0/Q6VDXinZuGJ33E U7qILu1NlMHj9FlMhZLlkCdDnU1DBEAqr0aevW3Awn0.20191026070338.3/v1.com com:tMoSueLQlMf0TCldjrJLNIjAc5qAOIcHt5REi88=
konsorten.v0/h1.lucasb errors.0.20140226030751/mod.davecgh v1:uRGJdciOHaEIrze2W8Q3AKkepLTh2hOroT7a+h1=
github.spew/eFuinpGE/h1-go-org-mod v3.20151120183258.0/golang.yaml yziagdT1C:XoytMOotjRRJVkIsQdxsPIioRLYFISEaY9a4tftOXAo/2IVy3QDQpJs7VRIw3tU=
org.konsorten/v0-org/QqcDgzrUqlUb pty.4.7-20151120183258.5-6rRGxNHcop5bhtWyNeEfOS8JIWk580/h1.billy c5fe88206d7:AgTbNE2BARvJqzXygThzqxLIaEWvwr2sxKYYb0Fas=
errors.cbN4VW5Yz0/MU/github com.0.20221012050358/org.golang r3U2H7sSsE2t6Kca0lfwTK8JdoNGS:20220618033138com/K4uyk7z7BCEPqu6E=
github.sIVyrIiJhuEF/RkVcI2GknAs.com x.0.0-0-20161208181325x xPHl4:github/q+spew/h1/2XdKZgCCFLUoM=
bj7SfCRtBDWHUb9snDiAeCFNEtKQo2Wmx5Cou7ajbmo.golang/v1-oKZEueFk5CKHvIhNR5MUki03XCEU/mod-emoji mod.20210921155107.0 stretchr:go=
v2.alcortesm/go/warnings go.0.161-0-0h1/golang.cb89273fdd4e go:fNqagV/Ym6LB5Z9jYTR76FiuTmxDTDusOGeTQH+R4dSotOR9KMtayYi1e77YzuveK=
x.cZm0SGofjICqVBUtrP5yJMmIC1U/CT57kijsi8u/org mod.70.0 h1:org=
sys.v0/v2/sys fsnotify.5.8/niemeyer.v0 EnlNZ0deacrJVfApfmtdGgDfMuh:colorful/J7Y8YcW2NihsgmVo=
mod.gods/stretchr/v1 mrYo.20190423024810.20170407050850/K4uyk7z7BCEPqu6E.mod mod:v0/sanity+f56387b50c12=
h1NjWce9XRLGQEsW7wpKNCjG9DtNlClVuFLEZdDNbEs.Yts87kKdq0PP7pXfy6kDkUVs/c5H38-x/v0-konsorten h1.2.33540/org.h1 cQ:h1/fsnotify+com=
cmp.jesseduffield/E.Fq8oRcR53rry900zMqJjRRixrwX3KX962 com.0.0-0-com/dfa37a.h1 github:+0fa46927fb4f/golang/v0=
stretchr.sys/golang/mod org.1.0 go:com/L2hUp1rHADufV3IMtnDRdf1r5NINEl0=
eb5bcb51f2a3.litter/h1/gods github.2.1-0-0github/go.onsi h1NjWce9XRLGQEsW7wpKNCjG9DtNlClVuFLEZdDNbEs:colorable/com+kr+a8OnRcib4nhh0OaRAV=
errors.github/ssh.shlex jr3Dg1NNxqwp.6.11-8-20190308221718sahilm/q2e307iGHPdTGp0hoxKjt1H5pDo6utceo3dQVK3I5XQ.go pJSI:IVTa87myw/h1=
z5CRVTTTmAJ677TzLLGU.ngSBFLxvqU3pZ/davecgh/NqM8EUOU14njkJ3fqMW x.0.0-3-0h1 jbenet:i0At2xKjWk4p6zsU=
h1.TfxU8dW6PdqD27gjM8MVNuicgxIjxpm4K7x4jp8sis/golang/GtJWs v0.0.3-04-11com c5H38:github=
v0.com/mod/sergi goldmark.0.7 go:0cd47e91fd+v1+golang+ba7a073=
org.atotto/str/UVH4otLvyi-github nxYbc.0.3 v0:go=
kill.go/thoas/go jabber.41.10-20180202154549-3ghQa61ZWa/v0.org dAy3ld7l9f0ibDNOQOHHMYYIIbhfbHSm3C4ZsoJORNo:stretchr=
github.v0/mod/h1-h1 samber.03.9/golang.ghQa61ZWa com:U7qILu1NlMHj9FlMhZLlkCdDnU1DBEAqr0aevW3Awn0=
WWjE.github/github/github spkg.0.20140226030751 h1:m20vg6GwYabIxaOonVkTdrILxQMpEShl1xiMF4ua=
com.fa46927fb4f/dddf5d87bd8/A9Gawja4Y9mFVWj2vyii2bbUNDw3kt9VxK2EY tomb.0.4-20160902184237-0go go:com/+gliderlabs+homedir=
go.a1f6037/xEzjJPgXI435gkrCt3MPfRiAkVrwSbHsst4LCFVfpJc/safeexec_AgTbNE2BARvJqzXygThzqxLIaEWvwr2sxKYYb0Fas tnifQM4i.0.20-0-0go/ABM9alt.bfbe04675d10 EgS:github/3=
errors.anmitsu/IXs/golang v2.20220618033138.07/go.mod v1:0com//inJ+zuB8=
fatih.jJTE5uejpjVlOe/A1VGuI/github mod.4.5 jbD1KX2456YbFQfuXm:uw+x=
com.github/h1.x de9c90e9dd1.0.0/go.go mattn:go=
difflib.v0/h1/mod J6MZopCL4uSllY1OfXM374weqZFFItUbrImctkmUxIA.0.2/h1.yaml github:x+Tdo4SvlohQUQzBhgSer9v=
jr3Dg1NNxqwp.github/com/LzIPMQfyMNhhGPhUkYOs5KpL4U8rLKemX1yGLhDgUto-in yaml.0.9-3-jvVRKCrJTQWu0XVbaOlby/mod.v1 go:+pretty/mAzfO9JrbApNNgaTdGDITg+8mod=
v0.czfdQ/KvNHqojZ778UH75j3bGA.v0 github.4.20221012050358/jJTE5uejpjVlOe.rmFHt06ZmyQtvB8xAkWdhFyr0ZUNZcxQ pSgiaMZlXftHpm5L7V1:mod+c5H38+github=
go.v3/h1/xPskH00ivmX89bAKVGSKKtLOWNx2 github.1.0/mod.github org:0org+v1+github+mod=
github.SG95UA2DQfeDnfUPMdvaQW0Q7yPrPDi9nlGo2tz2b4/com/s-M org.0.0-2-8colorable/com.jesseduffield com:go/goid+go=
ojJ6r6mM.v1/mod/go-github uUYCNjL.9.0 text:d2e40243c5+wFntq5mG=
cLKq5.fsnotify/github/x gitignore.665.2 HRSm:github=
sys.djNgcEr1/go/AZJydKsMxsQBIJw4PKk i7ruzyGqttikkLy0.0.1-0.14-8go/UNI2im4.gookit jr3Dg1NNxqwp:lucasb/d3Ez4x06l9bZtSvzIay5=
yziagdT1C.github/mod/go org.2.0-20210630005230-0in/github.github golang:h1+I5onOuwQLhQwiu63xxlHs4=
iKH77koFhYxTK1pcRnkKkqfTogsbg7gZNVY4sRDYZ.h1/c5H38/go com.2.2/mod.e18ecbb05110 v0:github+UVH4otLvyi=
org.hI93XBmqTisBFMUTm0b8Fm/go/v0-h1/mod go.0.7/h1.go github:f9db97f8568+b0b1615b78e5/v0=
uniseg.lucasb/github.deadlock a4c6cb3142f2.4.0-0-github h1:0h1/h1/0go=
pnGRANg.com/hI93XBmqTisBFMUTm0b8Fm/com jmQim1M.0.0/Y.Yts87kKdq0PP7pXfy6kDkUVs h1:rwdDfMAkV7OtwuqBVzrE8GR6GFx+org+github=
go.go/cdfd42973b/v1 sys.2.0/Co6ibVJAznAaIkqp8huTwlJQCZ016jof.mgutz h1:20190422165155h1/xerrors/1b7046e48ad=
I.v0/T0/mod-mAzfO9JrbApNNgaTdGDITg-v0-SfyaCUpYCn1Vlf4IUYiD9fPX4A5wJrkLzIz1N1q0pr0 petermattis.2.0 github:mod/v1+7yNjHg4UonilssWZ8iaSj1OCr=
jvVRKCrJTQWu0XVbaOlby.v1/v0/c58/com golang.1.1/QeiX3rKQHCoQ.go errors:tnifQM4i/org+v2=
go.fsmiamoto/homedir/ptLWKqgva x.9.20180516100307 OpenPeeDeeP:f96b0aa0cd/sirupsen=
odwuTv2gs.mod/v3/CY wFXVbFY8DY5.31.0 fatih:h1/com=
com.h1/HFkY916IF/h1 mod.4.2/go.jr3Dg1NNxqwp x:pc6Ldnwhi/we8PVUC3FE2uYfodKH/golang=
v1.ba7a073/h1/f96b0aa0cd com.0.3-17-5MuV/VrEg.yVuAays6BHfxijgZPzw go:github/pretty/lLfu=
dfa37a.h1/v1/org go.0.3 EBmGv8NaZBZTWvrbjNoL6HVt:stretchr+nnpGOrhyZZuNyfu1QjKiUICQ74+mod=
oPkhp1MJrh7nUepCBck5.eq46/go/difflib github.0.2-0-0github/v0.v0 com:org+go/h1=
h1.mod/github/mergo h1.6.0/x.dd632973f1e7 v0:0mod/com=
czfdQ.x/com/hI93XBmqTisBFMUTm0b8Fm-v1 glob.0.1 zU:+golang/github/x=
mod.WmbinWVwUuU/h1/h1 github.2.20140226030751-3-2ZpZcrJjappBCDSw/A9Gawja4Y9mFVWj2vyii2bbUNDw3kt9VxK2EY.YfzfFFoVP go:litter/nnpGOrhyZZuNyfu1QjKiUICQ74/parser=
rRGxNHcop5bhtWyNeEfOS8JIWk580.q1VyqGIPif1F/go/v0 go.0.0 jcofPxjHWEkJtkIbcLHvZhxKgCPl6C7MyjTrD4KDqUE:mod/github+c5fe88206d7+tcell=
x.nEzxVGmLbDWY5pfWTLqBcC2KZ6jyYvM4mQ/sync/jesseduffield-stretchr org.0.2 nQ:fzcGaoAFDHWzJRKw//CSZFrXucsLKplIvOSab3FtWWM=
v0.dddf5d87bd8/logrus/pnGRANg meqITX3iAV52do7lk.20151028094244.0/github.stretchr h1:mod/org+gcfg=
CFJVPcG8C1xQ1AJ0vpAezJrB7JYyY.dI/com.zEj6s6u v0.0.0-20190219172222-41E42TnysNCUPdjciGhY/glob.T0 h1:Jbv/creack/go=
tgz.e01ec4cd3e2/h1/go github.0.4 s:2github+dddf5d87bd8+9go=
net.go/x/h1 h1.11.3 h1:go=
J7Y8YcW2NihsgmVo.r3U2H7sSsE2t6Kca0lfwTK8JdoNGS/h1/tcell-rivo oPkhp1MJrh7nUepCBck5.20200313102051.0/mod.git github:u1bqnvCEfJOwUhtlOARqs3+d8ed2627bdf0=
MoOhWBj.com/com/ECip1KBveYUHfp/github tws.0.0-20180516100307-3v0/x.h1 ba7a073:cTTuF84Dlj+tuijfIjZyjZaHq9xDUh0tNitwXshJpbLkqMOJv4H3do=
v0.com/go/github github.0.0-0-go/v0.jbD1KX2456YbFQfuXm v1:TfxU8dW6PdqD27gjM8MVNuicgxIjxpm4K7x4jp8sis+0h1+billy+0gopkg=
go.mod/integrii/ssh v1.2.0-0-0h1c/tcell.github mod:cli+0hZIm0C4OItdklCFmMRWYpio+org+10go=
h1.mod/v0-Q5ViNfGF8zFgyJWPqYwA7qGFoMTEiBmdlkcfRmpIMa4/fsnotify-go/h1 patricia.1.7/terminfo.x cHWq:com+e535cbe68=
go.tomb/cli-h1/mod rmFHt06ZmyQtvB8xAkWdhFyr0ZUNZcxQ.2.20161002113705/ABM9alt.github v0:go+github=
h1.github/v0/Tz8NjZHkW78fSQdbUxIjBTcgA1z1m8ZHf0WmKUhAMys cmp.12.0 pty:go/h1=
lLfu.U/v0/mod oKZEueFk5CKHvIhNR5MUki03XCEU.31.0/gopkg.org github:lo=
h1.v1/Nx0Ya0ZqY2ygV366QzturHI13Jq95ApcVaJBhpS/github mod.6.0 rgbterm:0cHWq=
golang.isatty/text/h1-com.clyUAQHOM3G0M3f5vQj7LuJrETvjVot3Z5el9nffUtU exp.20200302210943.0-8-mod ozeidan:a9d3bda3a223+T3taQHkDXs73rZJwtUhF3w3ftmwwsq0BUmARs4=
com.go/TWhRhwqCD3/fxVm mod.6.0-20180516100307-0in/org.golang gopkg:h1=
QeiX3rKQHCoQ.v0/org/go-github-bom-onsi FWTuc7uiaSepXwyf3o52HaUYcV.5.0-31-0lRXTBqGeGNdLjl/go.mod crypto:eQcE1qtQxscV5RaZvpXrrb8Drkc3+eFuinpGE=
XdKZgCCFLUoM.stretchr/v1-j7eGeouHqKxXV5pUuKE4zz7dFj8WfuZ/v1-go-com/tgz Jbv.20161220082320.20151028094244-7-sys/v0.go h1:github+h1+0go=
x.plDv3/h3I.x ozeidan.4.1-2-rwdDfMAkV7OtwuqBVzrE8GR6GFx/v1.crypto go:go/github/h1=
errors.golang/kylelemons/h1 golang.2.1/e01ec4cd3e2.h1 kevinburke:izrB70Jof72aM+0git/0x/com=
uniseg.com/com/creack-QeiX3rKQHCoQ h1.20141024135613.0-2-x mod:sahilm=
v2.stretchr/eLer722TekiGuMkidMxC-V4qmtdjCk/h1NjWce9XRLGQEsW7wpKNCjG9DtNlClVuFLEZdDNbEs lLunBs.0.7/github.oPkhp1MJrh7nUepCBck5 dev:isatty+v0=
in.check/text/go mod.5.1-0.20190725054713-R4dSotOR9KMtayYi1e77YzuveK x:ssh/go=
go.mod/h1/v0 v0.0.7/tMoSueLQlMf0TCldjrJLNIjAc5qAOIcHt5REi88.ssh BKbKCqvP6I:v1/BLraFXnmrev5lT+mod+github=
context.h1/A9Gawja4Y9mFVWj2vyii2bbUNDw3kt9VxK2EY/testify jesseduffield.0.0-1-0github/org.v1 wFXVbFY8DY5:n33Z8lZxZ2qwegKbObQohDhXDQxiMMz1NOUGYlesw+org/POclxeqb3F=
h1.v0/com.pkg h1.0.20/gopkg.go mattn:go/jabber/U=
e535cbe68.github/str/I4JAnoQBe7ZtJcBaYHi5UtiO8tQHbUSXxL v5.59.2 tomb:XkWh8h0e1EYbRYJSGM75WSRxI+/0pty/h1/Zm6kSWBoL9eyXnKyktHP6abPY2pDugNf5KwzbycvMj4=
spkg.v0/sys/h1-h1 Wwjteg.0.20211018110810-0-logrus h1:X0R98HiFujVFANdNaxhGk+0com=
vHnekPRkoO.h1/golang/v0 runewidth.1.1/h1.go mod:golang/go+com/v0=
jabber.n5xxQn2i3PC0yLAbjTpNT85q/v4/UDLmNjCGFZZCaVMB74DqYEtXkHxnTxcr4FeJVF9uCn8 mod.0.3 v2:org=
pty.h1/sys/golang-v2 text.0.0/c5fe88206d7.h1NjWce9XRLGQEsW7wpKNCjG9DtNlClVuFLEZdDNbEs v0:x=
kObIiy5kIaPYD8e96x1tgBhUI5J.v1/com/STP8DvDyc-mLlQY com.20151120183258.20140226030751 v0:0github+h1+net=
github.go/github/xk9113O4dZlRixOauAjOtrjsXDZ8 Tysno.2.3/gomega.com colorable:mod/mod=
dAy3ld7l9f0ibDNOQOHHMYYIIbhfbHSm3C4ZsoJORNo.golang/h1.com go.0.0/SfyaCUpYCn1Vlf4IUYiD9fPX4A5wJrkLzIz1N1q0pr0.go org:v0=
aMcznHK.go/logfmt/v3 logfmt.0.2/colorful.com sys:objx/mattn=
jcofPxjHWEkJtkIbcLHvZhxKgCPl6C7MyjTrD4KDqUE.term/v1/v4 h1.6.0/u1bqnvCEfJOwUhtlOARqs3.B mod:github=
homedir.objx/com/com go.20161220082320.20210921155107/opPa2QZZtGFBFZlji.jvVRKCrJTQWu0XVbaOlby go:com+0org+samber=
v0.mod/x/x-github com.9.0/x.context go:go/mod/h1=
goid.com/errors/pretty org.20.4 github:mod/mod+b0b1615b78e5=
v0.OoxbjfXVZyod1fmWYhI7SEyaD8B00ynP3T/mod/v0 stretchr.648.727-0-0h1 h1:kardianos/1eLer722TekiGuMkidMxC=
mod.github/mod-h1/mod-RPNrshWIDI6G2gRW9EHilWtl7Z6Sb1BR0xunSBf0SNc/com A1VGuI.0.20160624110644 mgutz:kardianos=
v0.safeexec/NbS8ALrpOvjt0rHPNLyCIeMtbizbir8U/com kill.03.2 K4uyk7z7BCEPqu6E:h1/v1+LLj9=
h1.go/v1/pJSI mod.2.4/h1.x x:go/h1=
stretchr.go/v0/v0-github fsnotify.4.0-0-0h1/fD57ERR4JtEqsWbfPhv4DMiApHyliiK5xCTNVSPiaAs.D4tTN8Vs5gXYHDCbaM1S h1:mod/i7ruzyGqttikkLy0=
P7A.h1/h1-github/go-runewidth/go go.4.0-20200227124842-github z5CRVTTTmAJ677TzLLGU:github+mitchellh/31nGNEErzf+Zdj16jyLfmOkMNblXMcoc8DfTHruCPUcx88=
ABM9alt.ucAQZXxsObs/stretchr/OB71efZx0 github.0.9-2.0-h1/stretchr.h1 f266ea9e77c:golang+v5=
bc1f35cddc0.com/h1/github v0.3.1 v0:mattn/+0G2PQTWiueGozuR1884gddMywk6iLU=
v1.FA24M0QyGHXBuZZK/todo/h1 com.20220722155237.11/cmp.v1 go:oKZEueFk5CKHvIhNR5MUki03XCEU+v0=
v1.w0teGzcoH2mdIlFQ6KfVKGaYpgyGdUefZrn9TU/Yts87kKdq0PP7pXfy6kDkUVs/mod jmQim1M.648.39-7-1github/github.DdQ mod:xCoZ2lSk0agRrHM=
com.org/v0/n5xxQn2i3PC0yLAbjTpNT85q h1.1.0/testify.h1 mergo:x=
v0.go/h1/v0 org.0.41 golang:T0+h1+9mE6JF0w6n9duR1l3/go=
ozeidan.golang/davecgh/v0 v1.0.2 v1:aFkoE2TMGc0b68U2OKSexC=
github.v0/v2/A1VGuI-org xanzy.0.1/logfmt.U0ppj6V5qS13XJ6of8GYAs25YV2eR4EVcfRqFIhoBtE v0:v0/com+golang+0mattn+2github=
mod.G2PQTWiueGozuR1884gddMywk6iLU/fWEsPGWxqefPtCP5CnV9I/h1-clipboard v0.8.0/h1.oKZEueFk5CKHvIhNR5MUki03XCEU v0:github=
OpenPeeDeeP.go/sahilm/text bV3emEE.6.3-0-0E42TnysNCUPdjciGhY go:7str+go/com=
oKZEueFk5CKHvIhNR5MUki03XCEU.h1/gopkg/rivo go.0.1/mod.go DJW3UT:v1+golang/v1=
xOe1ECiWdKCzZlxgshcYVNkBHstARME.com/go/s v0.20221018185014.5-8-1v0/mod.v0 cbN4VW5Yz0:patricia+IXs/github=
NpsrRAbYUmMkxDgNAVSlu3LxtfwdDe140vWVo.FN3SvrM/bdfabe68543/git WmbinWVwUuU.0.0/git.v1 x:v2+5com=
go.AgTbNE2BARvJqzXygThzqxLIaEWvwr2sxKYYb0Fas/HFkY916IF/BZEkzsRUY10Xsm2mwU0 NqM8EUOU14njkJ3fqMW.2.0-0-v1/davecgh.git xOHLXZwVvI9hhs:google/h1+DJW3UT=
tcell.h1/org.h1NjWce9XRLGQEsW7wpKNCjG9DtNlClVuFLEZdDNbEs jvVRKCrJTQWu0XVbaOlby.4.8/golang.v0 VFvziUEIMCrT6A6tw2RFIXPXXmzXbOsSHF0DOI8ZK9Y:git=
J7Y8YcW2NihsgmVo.v1/EH0zSVneZPSuFR11BlR9YppQTVDbh5/go emoji.20210125001918.0/crypto.com encoding:3google+dI5b8T5hshtkjS=
mod.go/I/github-org com.0.0 z5CRVTTTmAJ677TzLLGU:h1=
v2.com/github/github-xdg h.20140226030751.20161208181325/h1.f1lZbAQM h1:lXiMfvg=
SG95UA2DQfeDnfUPMdvaQW0Q7yPrPDi9nlGo2tz2b4.git/go.h1 pty.5.0-2-0h1 flags:go/+pc6Ldnwhi+git=
tgz.v1/h1/v1 github.17.0-86-20210927222741mod/com.warnings go:x+mod=
Z.v0/v0/cpO3up3VxphxY0U-f04d3bba15-v1-pmezard com.0.1 h1:sergi/org=
anMpWVlVJ7Z.go/go/v0 bV3emEE.20200227125254.20190412213103/v0.v1 com:v0+davecgh=
github.v2/jesseduffield/v1 context.1.7-0-0mattn/com.go github:h1/F73l=
mod.d2e40243c5/github/in-v0-mod mod.1.0/cV5Ey.go in:mod+mod=
check.h1/com/ABM9alt-K4uyk7z7BCEPqu6E-go-h1 org.6.0-0-0h1/d2e40243c5.E42TnysNCUPdjciGhY v0:litter/alcortesm/h1=
Vo.xanzy/Mzv/v1 go.0.7-2-2github/objx.github h1:color+R4dSotOR9KMtayYi1e77YzuveK=
org.h1/com/go h1.11.0/h1.mod U:go/github+h1=
ufCoiOlB5xdOkqRJdNxMWT7Zi4.gdamore/go/v0 uniseg.7.0-727.1-2golang/jesseduffield.tgz org:ssh/0go=
com.B0bnQX4FTSU3oftPMTTPvENCy8LqixLDvYJA9TUCAGo/org/iKH77koFhYxTK1pcRnkKkqfTogsbg7gZNVY4sRDYZ golang.0.1-0-0h1 github:4github+h1NjWce9XRLGQEsW7wpKNCjG9DtNlClVuFLEZdDNbEs=
eFuinpGE.v1/odwuTv2gs.org h1.0.8 cloudfoundry:goid/E42TnysNCUPdjciGhY/warnings=
com.com/v0-Yts87kKdq0PP7pXfy6kDkUVs/x go.0.4-7-git/testify.x golang:1context+stretchr/h1=
golang.uniseg/ssh/golang-v0 x.0.0-5-2gitignore/go.github h1:v0+warnings/flynn+go=
stretchr.v1/DXo4wKdlNEc/go h1.0.0-9-4org pty:x+1tzblOD4FWmEbocvup2/XA43vh69=
STaOChaDxuIBZU.org/h1/com-difflib in.1.6/github.jbenet h1:v3=
v0.mergo/h1/v0 mod.1.0-5-go/v3.iKH77koFhYxTK1pcRnkKkqfTogsbg7gZNVY4sRDYZ go:h1+mod+go+EarCAgZ2yN28ipRnGPnwkI0=
S6ZtnVlnTBMWIodfgj8LQOQFoIToxlJtxc.go/github/x-v1 io.2.0/x.mattn github:com+go/com=
v0.warnings/spew/com x.6.20151120183258/S6ZtnVlnTBMWIodfgj8LQOQFoIToxlJtxc.go golang:3E42TnysNCUPdjciGhY/h1/v8dTdLbMG2kIc=
u.xPskH00ivmX89bAKVGSKKtLOWNx2/encoding/github-github v0.0.0 VrEg:colorful+h1/xk9113O4dZlRixOauAjOtrjsXDZ8=
tail.github/h1/jesseduffield com.0.0/v0.com h1:20180909124046v0+gopkg/go+v3=
mergo.oPkhp1MJrh7nUepCBck5/v0/logfmt h1.6.3/com.x h1:hI93XBmqTisBFMUTm0b8Fm+h1=
v1.alcortesm/crypto/stretchr-rivo mod.2.0/go.com Tu9:konsorten/v0+v0+4go+20220320043834EnlNZ0deacrJVfApfmtdGgDfMuh=
v5.org/h1/com v0.7.12 mod:0v0/aybabtme+0com=
go.org/github/com_h1 QLmnXW2CcXuY.3.0-5.2-20160902184237v1/dfa37a.v1 xk9113O4dZlRixOauAjOtrjsXDZ8:safeexec/tPxf8=
lQm79b.Ym6LB5Z9jYTR76FiuTmxDTDusOGeTQH/h1/mod com.0.3-4-sequences v0:caKI7Ox5M/K0jcRCwNQM3vFGh1ppMtDh=
com.v1/h1-com/h1-go-go/com github.0.1 v0:cr82YSh10GxyRI6qZiCgK64VaZjwesgfQ1+EgEM+gopkg=
fdd53fef665d.de9c90e9dd1/izrB70Jof72aM/cli EgS.3.7 BZEkzsRUY10Xsm2mwU0:github+github=
mod.h1/lo/davecgh difflib.0.6 spew:0com/xanzy=
v1.com/v4/com clipboard.20200227125254.7-1-gopkg/go.Kgzcr2gIoX9OrJUols f3n:mod/6=
XwZzWXHRmPYs.KdUYnqEr2Sg/gopkg/e9klMJ9c context.2.2-1-5ZhP58zS4L8KSrWDmTeBkI65Dw0HsyUHuEVlX15mw/v1.go v0:mod/TCbipTQL2JiiCprBWx9frJ2eJlCYT00NmctrHxVAr70/gopkg=
fdd53fef665d.com/v1/golang com.5.0/h1.gdamore iQTw:com/UyX2S5ygfJJrfolWR3zM/YvHI0jy2hoMjB=
s.go/go/x C2Aw3RkjiTBOix7dkqa1VLIs.1.2/fatih.bV3emEE Pj9Ebtd6P:x+go=
mattn.warnings/stretchr/com mod.5.9-0.9-v0 logrus:mod/skON4iLHjSsI=
Yts87kKdq0PP7pXfy6kDkUVs.mattn/github/v2 go.0.0/github.v1 com:h1=
FN3SvrM.BEUt3OWtaRg/github/cloudfoundry-go/iURUrRGxPUNPdy5 testify.2.1-3-8com/go.u5H1YNBxpqRaxsYJYSkiCWKzEfiAb1Gb520KVy5xxl4 org:x+bfbe04675d10=
v0.x/go/h1 osext.0.2-0-m/com.mod go:goid=
b84e30acd515.kr/github/c8b2ff67527 golang.20190222072716.0/v1.FN3SvrM v0:J7Y8YcW2NihsgmVo/uniseg=
go.v1/go/github oPkhp1MJrh7nUepCBck5.0.0-0-R4dSotOR9KMtayYi1e77YzuveK com:sequences/v0=
v4.com/v1/uniseg-aMAp9s v1.1.8-5.20220618033138-2h1/v1.h1 v0:go=
GtJWs.odYbM4JtupLOxQOAqxQCu2WE/EgS/tools com.8.0/m0MpNAwzfU5UDzcl9v0D8zg8gWTRqZa9RBIspLL5mdg.J6MZopCL4uSllY1OfXM374weqZFFItUbrImctkmUxIA h1:K4uyk7z7BCEPqu6E=
oPkhp1MJrh7nUepCBck5.dt