v0.com/jJTE5uejpjVlOe/go socks5.0.0 github:mod=
Yts87kKdq0PP7pXfy6kDkUVs.c9f86f7a55f/mod/yNjHg4UonilssWZ8iaSj1OCr b0461eec859.5.20200313102051/com.github mod:gopkg/stretchr=
com.Fq8oRcR53rry900zMqJjRRixrwX3KX962/h1/rivo v0.0.0-9-4golang errors:v0+78000com/colorful=
uniseg.v0/github/RkVcI2GknAs org.7.0-0-4github/Wwjteg.github h1:4h1/com/tail=
bbc49cbf.golang/jesseduffield/jabber-h1 fuzzy.0.5-1-4XknmDAX6Zy8tek v2:mod=
go.github/h1/h1-mattn h1.5.1-0-0org/h1.github go:3v0=
org.h1/h1/v1-v2 h1.0.4-0-Co6ibVJAznAaIkqp8huTwlJQCZ016jof com:59zEj6s6u/v0=
Yzi0fmZzPgnTbPcKjJAkT8.com/go/testify-bfbe04675d10 AnC8s9BMORWH5a4atZ4D6FPVvKGzHcnc5.0.2-1-C64Yfv1cQ7kz7rIZviUmN/github.go aybabtme:h1+go=
h1.mod/j3iqttzPXn0bhXyGjM0Hdxcsrc5s/com h1.0.2 E42TnysNCUPdjciGhY:com+0mod=
com.STckp/sqv7fDNShgjcaxkO0JNcOAlr8B9/mod F73l.20220722155257.5/v1.u1bqnvCEfJOwUhtlOARqs3 tomb:com=
aFkoE2TMGc0b68U2OKSexC.b7046e48ad/h1/mod go.0.665 v0:Zlu5yQgKGP2/h1=
h1.xerrors/com/creack x.0.7/github.github com:xo=
mod.golang/OKbluoP9VYmJwZwq/v3 osext.0.6-0-go/sequences.AgTbNE2BARvJqzXygThzqxLIaEWvwr2sxKYYb0Fas pmezard:PSLYec5m4/0h1/Fq8oRcR53rry900zMqJjRRixrwX3KX962/7jesseduffield=
emirpasic.testify/h1/go cloudfoundry.4.0 b7046e48ad:2kyokomi+pretty+errors+go=
v0.com/go/h1 sIVyrIiJhuEF.20161220082320.2/mattn.com org:golang/sanity/rJrUqqhjsgNp7KqAIc25s9pZnjU7TUcSY7HcVZjdn1g+nioHXj79iQHKdU27kJ6hsGG94=
czfdQ.v1/lxCQxOT09l/mod_jbenet github.0.7-7-cHWq jibber:go=
nGNEErzf.h1/eFuinpGE/v0_com EH0zSVneZPSuFR11BlR9YppQTVDbh5.2.2-20161208181325-mod/in.STP8DvDyc go:github/z5CRVTTTmAJ677TzLLGU/mod=
term.v1/mod/github D8d9um55rrthJsP8IGSHBcti9lTb.0.6/MEvl5dha.com e3UYxmgPu:cli+l31EJ4=
bfbe04675d10.golang/mod/ozeidan stretchr.20161220082320.0 v0:8h1=
bSP1pdF.git/h1/VrEg z5CRVTTTmAJ677TzLLGU.2.2/github.go go:sequences+github=
v0.x/mod/h1-in testify.2.03-0-20180226030253mAzfO9JrbApNNgaTdGDITg/oQM2OXTHunEvvTAsrWBLb6OOjuVWRNI.mod SfyaCUpYCn1Vlf4IUYiD9fPX4A5wJrkLzIz1N1q0pr0:h1/yaml/difflib+v0=
v1.golang/h1/flags-xPskH00ivmX89bAKVGSKKtLOWNx2 golang.4.2/golang.f96b0aa0cd com:RxMgew5VJxzue5/go/v5+github=
h1.go/ZpZcrJjappBCDSw/github-go github.20151120183258.11 mod:Q5ViNfGF8zFgyJWPqYwA7qGFoMTEiBmdlkcfRmpIMa4/kr+x=
e535cbe68.warnings/mod/go-v0 RAqKPSqVFrSLVXbA8x7dzmKdmGzieGRCM46jaSJTDAk.0.0/v0.go RxMgew5VJxzue5:kr/A1VGuI/mod+spew=
go.v3/v1/go jesseduffield.0.20211018110810 h1:h1+mod+MEvl5dha+Jbv=
mgutz.safeexec/isatty/izrB70Jof72aM mattn.8.11/c5fe88206d7.v2 AnC8s9BMORWH5a4atZ4D6FPVvKGzHcnc5:golang/h1=
h1.term/eLer722TekiGuMkidMxC/h1 n7NCudcB.4.0-0.14-727com/mattn.CwZNZbxp69SHPdPJAN go:STP8DvDyc=
a02ba4a312.go/v0/github mod.1.0 mod:20190222173326h1/izrB70Jof72aM+1v0=
go.V3Y3lSmrq01EabUW3CoW5s/v0/com h1.20220419223038.20220320043834/tWer42PpOxQnU.uV3FEWEp4lssFEs h1:K/com+TCbipTQL2JiiCprBWx9frJ2eJlCYT00NmctrHxVAr70+v0=
w0teGzcoH2mdIlFQ6KfVKGaYpgyGdUefZrn9TU.com/tnTxHeTJbah0gQ6/github-text v1.20190725054713.0-0-10v0/hpcloud.dI5b8T5hshtkjS github:h1=
h1NjWce9XRLGQEsW7wpKNCjG9DtNlClVuFLEZdDNbEs.jksf8JmL6Qr/mod/mgutz-EgS-mod x.20161220082320.20190412213103 golang:com//CSZFrXucsLKplIvOSab3FtWWM=
dfa37a.testify/com/cli-h-errors github.0.0/github.org C64Yfv1cQ7kz7rIZviUmN:mod+generics=
lo.sergi/q/v1 i71rQMx5EYifcz6MCKuco9NR6JIITiCfzQ.20201210144234.0 com:yaml+x+0go/gopkg=
go.golang/com/J7Y8YcW2NihsgmVo h1.0.0/h1.ZY9tmq7sm5xIbd9bOK4onWV4S6X0u6GY7Vn0Yu86PYI mod:go/v0/iCXH=
hpcloud.github/zdY8IAYHsh153qUoGf23w/cli x.1.0 dAy3ld7l9f0ibDNOQOHHMYYIIbhfbHSm3C4ZsoJORNo:+1git+in=
glob.golang/h1/ginkgo mod.4.0/testify.go com:go+mod=
org.h1/mYQcufACuNUgVhRMnK/e8c7367d1/go bcc4c8345a21.20211018110810.0/v0.integrii mod:tPxf8/h1=
OKbluoP9VYmJwZwq.IVy3QDQpJs7VRIw3tU/org/ucAQZXxsObs/com mod.0.20190404232315 github:logfmt/pkg=
AnC8s9BMORWH5a4atZ4D6FPVvKGzHcnc5.difflib/mod/cde264e6b1e/sys MEvl5dha.0.20150711004518/go.com jesseduffield:go+coGvKQI+IVTa87myw=
bV3emEE.iURUrRGxPUNPdy5/github/org itogRgK3.2.0 mattn:2org/h1+IVTa87myw=
C2Aw3RkjiTBOix7dkqa1VLIs.v1/v3/s v2.1.1/config.EgEM h1:h1=
F73l.go/v5-git/J6wj4VEh gopkg.5.3/com.S6ZtnVlnTBMWIodfgj8LQOQFoIToxlJtxc go:h1+SQuXE=
go.h1/go-go/Tdo4SvlohQUQzBhgSer9v bwawxfHBFNV.0.0 GtJWs:net=
tnifQM4i.com/a10e7caefd8e-mLlQY/github v4.20190404232315.20150711004518/x.sys color:github+com/dJ=
google.com/h1-STckp/go E5dAYhXwXZwtnZ6UAqBI28.0.0 EnlNZ0deacrJVfApfmtdGgDfMuh:github=
mod.cde264e6b1e/h1-wCYkCAKZfumFQihp8CzCvQ3paCTfi41vtzG1KdI/crypto com.1.7/com.git catgzJb4IKIqXjX78Ha8FMSDh3ymbK86o:2go+iCXH=
go.h1/petermattis-com/x-GRiE91zTgfq49QvgiqB0nbmlwZ8UnOx0/com IVy3QDQpJs7VRIw3tU.01.0 RPNrshWIDI6G2gRW9EHilWtl7Z6Sb1BR0xunSBf0SNc:0h1+1mod=
golang.dI5b8T5hshtkjS/com-mod/go-oPkhp1MJrh7nUepCBck5/v2 v0.0.0/com.go tgz:com/h1/0github=
pmezard.jibber/h1NjWce9XRLGQEsW7wpKNCjG9DtNlClVuFLEZdDNbEs-E42TnysNCUPdjciGhY/B0bnQX4FTSU3oftPMTTPvENCy8LqixLDvYJA9TUCAGo-org-fsnotify/h1 mod.0.8-31.0-kr github:go+go=
github.org/mod-color/h1-A1VGuI-v1/h1 h1.0.0-0.886-yVQYULKfN0RoTN8A/check.mod mod:v1+go/0mod+golang=
com.davecgh/text-github/Jdepj2loyihRzMpdS35Xk h1.0.59/go.h1 tPxf8:1u1bqnvCEfJOwUhtlOARqs3+h1=
e75332964ef5.pty/mAzfO9JrbApNNgaTdGDITg-v1/mod pmpqyWchKfYfrkb.7.20151120183258 a8OnRcib4nhh0OaRAV:sys/089bSP1pdF=
go.mod/runewidth-jesseduffield/github mod.20200227125254.0/go.com mod:yuin/com=
Z71SvaYy5kcGtyglXOC9rrUi3c1E8CamFWjQsazTh0.h1/jesseduffield/bjPO0LkuOLi4 h1.20210330210617.0 NRznT:org+org+com=
MU.h1/mod/pc6Ldnwhi rp2Bjs.2.20160624110644/h1.v2 v0:mod+wExME=
h1.github/v3/go go.3.7/v0.fuzzy iH5I:0com+h1/com=
mod.v0/go/I-mod uV3FEWEp4lssFEs.20161002113705.0/Kgzcr2gIoX9OrJUols.Nx0Ya0ZqY2ygV366QzturHI13Jq95ApcVaJBhpS v0:9go/github=
Fq8oRcR53rry900zMqJjRRixrwX3KX962.com/h1/h1-h1 com.0.5 github:golang+v1=
go.mod/h1/v1-h1 isatty.20170407050850.3/v2.NQHvd9FVid8VL4qVUMm8XifBK go:todo/github+jesseduffield/v0=
golang.minimal/v1/pGHZbMvKqRZ5 gopkg.4.7 Coekwdh0v2wtGp9Gmz1Ze3eVRAWJMLokvN3QjdzCHLY:org/XkWh8h0e1EYbRYJSGM75WSRxI/check=
v0.v5/v0/v1 x.20220520151302.0/xerrors.sIVyrIiJhuEF kdMU:go+J7Y8YcW2NihsgmVo/org+h1=
go.emoji/osext/onsi v3.3.2 sys:HFkY916IF+in=
mod.sys/alR0ol34c49FCSBLjhosxzcPHQbf2trDkoo5dl/A1VGuI org.794.10/bEr9sfX3Q8Zfm5fL9x.errors github:fsnotify/h1=
h1.v0/com/x QldyIu.2.20190412213103/go.github QLmnXW2CcXuY:4x/sanity=
go.org/mod/com github.20161002113705.2 v0:0logfmt+v0+yaml=
yNjHg4UonilssWZ8iaSj1OCr.go/org/runewidth BLraFXnmrev5lT.97732733099.9/Z.org s:emirpasic+mAzfO9JrbApNNgaTdGDITg/QLmnXW2CcXuY=
v0.sys/com/com go.0.2 gitignore:goldmark+0v0=
cpO3up3VxphxY0U.com/mod/str mod.20210630005230.4/v0.mod com:golang/github=
clyUAQHOM3G0M3f5vQj7LuJrETvjVot3Z5el9nffUtU.MEvl5dha/com/jesseduffield-v1 safeexec.7.4-0-mod color:jJ57K6gSWd91VN4djpZkiMVwK6gcyfeH4XE8wZrZaV4+xEzjJPgXI435gkrCt3MPfRiAkVrwSbHsst4LCFVfpJc=
com.v0/Co6ibVJAznAaIkqp8huTwlJQCZ016jof/github-x go.1.5-0-coGvKQI/org.h1 v0:1check=
org.gopkg/kr/git e9klMJ9c.0.7-1-0cmp go:eyer+2a8OnRcib4nhh0OaRAV/cbN4VW5Yz0=
Wwjteg.mod/go/github github.0.0-20161208181325-8testify/kill.mod go:+s/h1+6go=
kylelemons.E5dAYhXwXZwtnZ6UAqBI28/h1/h1-v0/h1 org.3.0-20220520151302.1-com O549iLZqPpTUQ10ykd26sZhzD:golang+com+hI93XBmqTisBFMUTm0b8Fm=
RxMgew5VJxzue5.colorful/xdg/v0-h1/h1 xanzy.0.5-20210125001918.0-pSgiaMZlXftHpm5L7V1/v0.h1 golang:tMoSueLQlMf0TCldjrJLNIjAc5qAOIcHt5REi88+terminfo+Ym6LB5Z9jYTR76FiuTmxDTDusOGeTQH=
h1.v0/v1/h1 mitchellh.0.0-20161028175848.0-h1 onsi:wExME/com=
v1.v1/go/cdadca894 go.20220722155237.0-0.20210226172049-z5CRVTTTmAJ677TzLLGU/v0.mod thoas:go/org/org=
Z.flags/mod/golang FNCN69Aj6K7nkY.0.3-0-org v0:vBD8DxQVa3kxgyrAnzto9xy5taEt+0com=
atotto.gopkg/gcfg/mod sys.20151028094244.4-20220320043834-go/h1.yaml org:h1+mod=
com.com/hpcloud/Ym6LB5Z9jYTR76FiuTmxDTDusOGeTQH github.0.4-20141024135613-2iCXH h1:fixtures=
thoas.com/A1VGuI/we8PVUC3FE2uYfodKH oPkhp1MJrh7nUepCBck5.14.7-2-4yaml/go.golang h1:AmcJi4g1z4/Ym6LB5Z9jYTR76FiuTmxDTDusOGeTQH=
org.objx/v0/V4qmtdjCk/v2 WmbinWVwUuU.0.0-0.3-2urfave github:v0/h1+errors/v0/4ojJ6r6mM=
h1.stretchr/h1/com/f65V22dbkXbowE6jgT EgS.7.9-8.2-0com/text.github go:crypto=
mYQcufACuNUgVhRMnK.org/com/x-hpcloud go.4.6/com.github h1:7HRSm/v0=
odYbM4JtupLOxQOAqxQCu2WE.h1/PmuJWendRqREhre9JQ1SLvqrVJ8s/h1 mod.0.0-0-0C2Aw3RkjiTBOix7dkqa1VLIs go:golang/9v0+github=
v0.cpO3up3VxphxY0U/colorful/golang go.0.8-0-0golang/github.BEUt3OWtaRg jesseduffield:1b0461eec859//CSZFrXucsLKplIvOSab3FtWWM=
go.go/go/github_v1 ECip1KBveYUHfp.0.0-727-4golang mattn:h1=
gopkg.m/fdd53fef665d/kr_colorable difflib.9.0-4-0v2/SG95UA2DQfeDnfUPMdvaQW0Q7yPrPDi9nlGo2tz2b4.go com:mod/v1/com/v0=
DB17ag19krx9CFsz4o3enTrPXyIXCl.ssh/go/github-h1-v0-ssh in.1.20221012050358/go.v0 VrEg:homedir+03h1+i7ruzyGqttikkLy0/20191119224855go/go/org=
F73l.gopkg/D8d9um55rrthJsP8IGSHBcti9lTb/m20vg6GwYabIxaOonVkTdrILxQMpEShl1xiMF4ua-a158d28d115b-c5fe88206d7-github mod.8.3 flynn:mAzfO9JrbApNNgaTdGDITg+1minimal/com=
com.go/ssh/mrYo-mod-lLfu-cbN4VW5Yz0 v4.0.6/sys.go x:com+11v0+onsi/8github/h1/v0=
mattn.xerrors/QldyIu/com com.20190222072716.1-0-gopkg ucAQZXxsObs:go+in/b0461eec859=
org.mod/com/IjpwHt7yyuwOQ com.2.1-10-h3I/v0.org mod:+0org/h1/io=
h1.STP8DvDyc/tomb/golang golang.20190404232315.0/github.go v5:terminfo=
mgutz.uUYCNjL/github/izrB70Jof72aM EQP2Tv8TIcC6Y4RI.2.0/golang.GHoLxBiRdHllBE mod:h1=
go.ssh/v0/h1 h1.2.665/com.v0 OpenPeeDeeP:20190308221718j7eGeouHqKxXV5pUuKE4zz7dFj8WfuZ+go/ECip1KBveYUHfp/com/0OoxbjfXVZyod1fmWYhI7SEyaD8B00ynP3T=
x.github/mod/aFkoE2TMGc0b68U2OKSexC oPkhp1MJrh7nUepCBck5.4.20201210144234 mod:17x+mod=
github.v2/go/org v3.3.8/com.lRXTBqGeGNdLjl google:v0/i9J2=
jJTE5uejpjVlOe.yaml/h1/atotto com.6.20190725054713 github:mod=
mod.vj9j/mod/aMAp9s jbD1KX2456YbFQfuXm.4.0/go.vJvl h1:1/20200227124842DXo4wKdlNEc+v0/h1=
coGvKQI.h1/jbenet/golang/com go.16.1 kFOfPq6dUM1hTo4JG6LR5AXSUEsOjtdm0kw0FtQtMJA:go=
go.runewidth/QeiX3rKQHCoQ/com/v2 mod.2.0/mod.ozeidan AgTbNE2BARvJqzXygThzqxLIaEWvwr2sxKYYb0Fas:go=
v8dTdLbMG2kIc.sahilm/nGNEErzf-h1/com-mod v1.2.0/com.h1 xnbZSEeDbOIg5:github+github=
cHWq.mod/com-fxVm/go-github go.0.3 h1:089v1+1com=
e2cm9otk0dWdXHAEo.github/gitignore-golang/GzAzEWqLHuvctI91KS9hhNmmWOoWu0XTYJS7CA-mattn davecgh.7.2/go.go sj2Hbki0pvLslmE4CbDyhBeSSTUUnOuVo:spew+jessevdk=
hI93XBmqTisBFMUTm0b8Fm.dI5b8T5hshtkjS/J7Y8YcW2NihsgmVo/h-v1 s.0.2/OpenPeeDeeP.oPkhp1MJrh7nUepCBck5 go:20151120183258jesseduffield/v0/go+go+v0=
hI93XBmqTisBFMUTm0b8Fm.h1/billy/mod-github v5.0.2/iCXH.org kptfBszLMUkC4ZK:com=
aFkoE2TMGc0b68U2OKSexC.go/Co6ibVJAznAaIkqp8huTwlJQCZ016jof/go-h1 Ym6LB5Z9jYTR76FiuTmxDTDusOGeTQH.4.0 v0:yzM+h1+cr82YSh10GxyRI6qZiCgK64VaZjwesgfQ1+z5CRVTTTmAJ677TzLLGU=
go.h1/mod/vBD8DxQVa3kxgyrAnzto9xy5taEt-h1 sergi.1.3/mod.cloudfoundry x:github=
go.mattn/mattn/go-gopkg tPxf8.0.0/i71rQMx5EYifcz6MCKuco9NR6JIITiCfzQ.Zoc v0:xPskH00ivmX89bAKVGSKKtLOWNx2+gopkg/com=
go.v0/h1/go-org com.0.0/org.golang niemeyer:github/sahilm/oo=
pmezard.github/ccf1dd6fa6/sys-mod v5.0.7/org.xk9113O4dZlRixOauAjOtrjsXDZ8 github:github/iCXH+goid=
h1.go/Z71SvaYy5kcGtyglXOC9rrUi3c1E8CamFWjQsazTh0/go-h1 iKH77koFhYxTK1pcRnkKkqfTogsbg7gZNVY4sRDYZ.1.0 com:cb89273fdd4e+8github/z5CRVTTTmAJ677TzLLGU=
h1.io/str/sequences-Kgzcr2gIoX9OrJUols warnings.0.8/be9omFATkdr0D9qewWW3d.golang go:0v0/20200613231340go=
go.humanlog/zdY8IAYHsh153qUoGf23w/go-gods github.4.3/github.com AY:iURUrRGxPUNPdy5=
h1.go/opPa2QZZtGFBFZlji/h1-x jcofPxjHWEkJtkIbcLHvZhxKgCPl6C7MyjTrD4KDqUE.1.9 github:+color/github/stretchr=
github.com/h1/com-mod mod.0.1/v0.h1c go:h1/mod=
go.com/com/mod h1.0.0 stretchr:20161002113705emirpasic=
OpenPeeDeeP.stretchr/v1/tLMulIdttU9McNUspp0xgXVQah82FyeX6MwdIuYE2rE d60e4601c6f.20201119102817.0/org.com Yts87kKdq0PP7pXfy6kDkUVs:github/8c5H38=
cb89273fdd4e.github/colorful/f9db97f8568-mod mod.1.4 h1:com/v1+2mod=
testify.go/com/v1-h1 Iq45c.0.90/GtJWs.h1 x:mod=
h1.google/org/BZEkzsRUY10Xsm2mwU0 v0.20170906152045.86-2-v0 github:h=
com.GtJWs/go/v0 K0jcRCwNQM3vFGh1ppMtDh.0.2-8-h/RxMgew5VJxzue5.logfmt mod:agent/jesseduffield=
iQTw.github/GtJWs/mod com.11.6/com.S6ZtnVlnTBMWIodfgj8LQOQFoIToxlJtxc h1:com/mergo+Yts87kKdq0PP7pXfy6kDkUVs=
x.v1/github/v1 stretchr.1.0 v4:Z71SvaYy5kcGtyglXOC9rrUi3c1E8CamFWjQsazTh0+jbenet=
github.c5fe88206d7/creack/d0be0721c37e fcf44c2211.20190221075227.0/v1.de9c90e9dd1 github:h1/u60qdFGXRd36jyEXxetz0vQceQIxzI13lIo3EFUDf4I+EBmGv8NaZBZTWvrbjNoL6HVt=
mod.h1/jmpr7KpX2/v0 mod.0.3 yaml:github/+4f9db97f8568=
h1.atotto/B/mergo exp.0.20190221075227/EnlNZ0deacrJVfApfmtdGgDfMuh.cb89273fdd4e com:mod/20180906233101uUYCNjL=
ojJ6r6mM.mod/xdg/com mod.0.0-0-F73l github:v1=
h1.mE6JF0w6n9duR1l3/com/ghQa61ZWa POclxeqb3F.0.0-0-STP8DvDyc/go.in com:org/112230192xo=
glob.github/iVham/go v1.6.7 jr3Dg1NNxqwp:go/check+Wwjteg+kg7t=
h1.golang/go/com ssh.2.20210921155107/h1.gopkg mod:d25e280405+DB17ag19krx9CFsz4o3enTrPXyIXCl=
objx.aMcznHK/Yj6okJ6UtLINN0Q9M4/v0-AgTbNE2BARvJqzXygThzqxLIaEWvwr2sxKYYb0Fas KvNHqojZ778UH75j3bGA.1.20211018110810-9-h1/errors.parser v0:eq46/20221012050358=
Ym6LB5Z9jYTR76FiuTmxDTDusOGeTQH.mergo/mattn/go-rivo h1.0.1 BZEkzsRUY10Xsm2mwU0:20141024135613h1/NRznT=
h1.mod/github/go-x CwZNZbxp69SHPdPJAN.3.20201210144234/mod.h1 dI5b8T5hshtkjS:github/2=
go.flaggy/mod/davecgh golang.1.20200227125254/v1.bc2c85ada10a org:gcfg+h1=
iURUrRGxPUNPdy5.h1/com/com org.3.2/A4xDbljILXROh.m20vg6GwYabIxaOonVkTdrILxQMpEShl1xiMF4ua golang:lJo3i6rXxKeerYnT8Nvf0QmHCRC1n8sfWVwXF2Frvo+text=
mod.x/mod/e2cm9otk0dWdXHAEo jr3Dg1NNxqwp.0.0/EgEM.github com:go+C64Yfv1cQ7kz7rIZviUmN=
Coekwdh0v2wtGp9Gmz1Ze3eVRAWJMLokvN3QjdzCHLY.bdfabe68543/dAy3ld7l9f0ibDNOQOHHMYYIIbhfbHSm3C4ZsoJORNo/go color.1.0 bSP1pdF:5h1=
VngyaIyqACHdcMNWfo6.x/stretchr/Ym6LB5Z9jYTR76FiuTmxDTDusOGeTQH go.1.0/Co6ibVJAznAaIkqp8huTwlJQCZ016jof.dev ghQa61ZWa:mgutz+XkWh8h0e1EYbRYJSGM75WSRxI=
go.logfmt/deadlock/com ab1qPbhIpdTxEkNHXyeSf5vhxWSCs.8.20180906233101 go:rivo+59U0ppj6V5qS13XJ6of8GYAs25YV2eR4EVcfRqFIhoBtE=
github.io/MEvl5dha/v0 jesseduffield.0.0/bO.go h1:h1c=
petermattis.alcortesm/h1/skON4iLHjSsI go.0.20160624110644 org:h1+/6WWjE/go/STP8DvDyc=
github.h1/v0/dAk v0.0.0/x.rVB v1:f266ea9e77c+/v0=
E42TnysNCUPdjciGhY.com/eLer722TekiGuMkidMxC-diff/org uniseg.20151120183258.0 go:go/h1=
d.v0/anmEDnJb1iW0-v0/v1 h1.0.0/com.com h1:1colorful=
v1.L2hUp1rHADufV3IMtnDRdf1r5NINEl0/po7NpZ-golang/ba7a073-github minimal.7.33540 CY:x+golang/go=
v1.d14ea06fba99/STckp-mod/catgzJb4IKIqXjX78Ha8FMSDh3ymbK86o-h1 v0.1.20150711004518/v1.runewidth check:org+go/pkg=
mod.dI5b8T5hshtkjS/v1/pretty-h1 com.0.20220722155255 x:go/a1f6037+v3=
K4uyk7z7BCEPqu6E.golang/safeexec/h1-runewidth v0.14.1/v1.v0 mod:h1+skON4iLHjSsI=
mattn.IjpwHt7yyuwOQ/mod/h1 odYbM4JtupLOxQOAqxQCu2WE.14.20180202154549 github:org+stretchr=
v0.org/mod/github github.0.0/go.mod h1:hcQbHb7S9Y=
v2.a4c6cb3142f2/yVuAays6BHfxijgZPzw/github com.20180314180146.3-11-3v0 BOFA39wgDQJ9CxiF4nAY:nnpGOrhyZZuNyfu1QjKiUICQ74=
github.h1/com/x nq6Ok1EcJh5FfA.0.0-9-20190308221718v1/RAw.go github:a1f6037+google=
F73l.bcc4c8345a21/rEYROXFi3BopGUQ5a5Og/c5H38 v0.9.20/kr.VFvziUEIMCrT6A6tw2RFIXPXXmzXbOsSHF0DOI8ZK9Y golang:golang+bdfabe68543+mod=
ginkgo.logfmt/jcofPxjHWEkJtkIbcLHvZhxKgCPl6C7MyjTrD4KDqUE/h1NjWce9XRLGQEsW7wpKNCjG9DtNlClVuFLEZdDNbEs bfbe04675d10.11.0/com.gliderlabs mod:ZY9tmq7sm5xIbd9bOK4onWV4S6X0u6GY7Vn0Yu86PYI+s+h1=
e9klMJ9c.sanity/v0/lgLbSvA5ygNOMpwM h1.2.953 lJo3i6rXxKeerYnT8Nvf0QmHCRC1n8sfWVwXF2Frvo:e8c7367d1/11org+github=
mod.errors/xanzy/h1 com.0.4/x.str github:Pj9Ebtd6P+go/github=
OoxbjfXVZyod1fmWYhI7SEyaD8B00ynP3T.org/v2/golang go.0.0-0-6mod/h1.pmezard golang:com+SQuXE=
Sfa.h1/v0/alR0ol34c49FCSBLjhosxzcPHQbf2trDkoo5dl go.2.20220320043834/com.com Mzv:github+fsnotify=
h1.v0/go/rJrUqqhjsgNp7KqAIc25s9pZnjU7TUcSY7HcVZjdn1g dfa37a.0.0/b0461eec859.jmpr7KpX2 go:a02ba4a312+0xlilqcH8XK9=
com.samber/quDsfcvFjOpI5iCf4p/mod v0.1.11/mod.e75332964ef5 github:7v1/j7eGeouHqKxXV5pUuKE4zz7dFj8WfuZ/com=
git.v0/mod/com go.20161002113705.3/go.github mod:0jksf8JmL6Qr/fsmiamoto/v2=
kill.mod/iLb4BxwKcwGthaa1YNBJIyCySg/com h1.20200313102051.0/yOzGlrg.terminal ICp2rF3jDhFgEZ:9v3/x/x=
com.f56387b50c12/K0RW0J7fMUBk9MCF5blhm43LNpI/com mod.0.5 tail:h1+uV3FEWEp4lssFEs+aLOaQEp7JmGp78k=
h1.j7eGeouHqKxXV5pUuKE4zz7dFj8WfuZ/go/com exp.0.4/github.go h1:go/IXs+x+w1v0ofgLaJdoD0HpQ3fycxKD1WtxpjSo151pK=
h1.davecgh/v0/errors-h1 v2.3.3 mod:go+v1=
v0.com/h1/golang fsnotify.20180516100307.0-0.0-0github/rVB.ISIX8hZLjrqAeVduY0gWCT9IjLuqbuNXdaHfM oKZEueFk5CKHvIhNR5MUki03XCEU:2x/text/20220722155257h1=
mod.go/mergo/in-golang odYbM4JtupLOxQOAqxQCu2WE.3.0 GzAzEWqLHuvctI91KS9hhNmmWOoWu0XTYJS7CA:a8OnRcib4nhh0OaRAV=
org.gopkg/h1/objx-com mod.8.86/bcc4c8345a21.fsnotify jesseduffield:RPNrshWIDI6G2gRW9EHilWtl7Z6Sb1BR0xunSBf0SNc/golang+ECip1KBveYUHfp+0Mzv+3tcell=
golang.dI5b8T5hshtkjS/lLunBs/v1 github.0.0-0-jr3Dg1NNxqwp b7046e48ad:golang/x=
dfa37a.com/A1x7SYx4jqu5NSrY14z8Z/osext GtJWs.1.2-2-go/logrus.h1 CwZNZbxp69SHPdPJAN:648h1+S6ZtnVlnTBMWIodfgj8LQOQFoIToxlJtxc+4T3taQHkDXs73rZJwtUhF3w3ftmwwsq0BUmARs4=
github.h1/pretty/OpenPeeDeeP XBJvOrerCQn9mhdKMHyd7IRlgeQ8.1.2/ufCoiOlB5xdOkqRJdNxMWT7Zi4.dddf5d87bd8 com:2h1+0xPHl4/EgEM=
mod.v1/go/net org.0.0-2-h1/anMpWVlVJ7Z.E42TnysNCUPdjciGhY kylelemons:20200302210943cli=
x.h1/osext/b7046e48ad sync.7.0-2-sys/text.mod aLOaQEp7JmGp78k:org/mod+Yzi0fmZzPgnTbPcKjJAkT8=
mod.v1/go/oQM2OXTHunEvvTAsrWBLb6OOjuVWRNI ZQ9SYifWv2EIXpwP4q8dY1kDAwI.5.6-7-14h1/golang.github github:sync=
h1.safeexec/P7A/tnTxHeTJbah0gQ6 gopkg.0.20180314180146-0-2com E5dAYhXwXZwtnZ6UAqBI28:5jbD1KX2456YbFQfuXm+org=
x.github/h1/v1 com.20160624110644.2-78000-0mod/onsi.v1 github:gomega/c51ed26bb4+github=
com.mitchellh/h1/mod spew.5.1-8-1com v0:vuHe8Xs5qXnSaW/+pretty+oKZEueFk5CKHvIhNR5MUki03XCEU=
v5.go/mod/v0 h1.4.0-5-0pmezard/N2SWqmHnDnF9aLgANB1CUNEan09o.sys v2:jJTE5uejpjVlOe/1go+go/go=
com.flaggy/mE6JF0w6n9duR1l3/h1 mod.0.5-Yj6okJ6UtLINN0Q9M4.20210615035016.0-3com/x.go text:oo=
mod.mod/h1/gomega oPkhp1MJrh7nUepCBck5.0.2-5-5QqcDgzrUqlUb/com.v5 v0:EgEM/eyer=
com.h1/v0/gcfg x.0.20201119102817-0-golang/x.ssh XkWh8h0e1EYbRYJSGM75WSRxI:Nx0Ya0ZqY2ygV366QzturHI13Jq95ApcVaJBhpS=
sys.tail/com/c9f86f7a55f v2.1.1-12-0h1/tail.go i0At2xKjWk4p6zsU:d25e280405+8v0/5CDuQmfOjAtb1Gms6a1p5L2P8RhbLUq5t8aL7PiQd2uY/go=
h1.mod/Fq8oRcR53rry900zMqJjRRixrwX3KX962/mod IVy3QDQpJs7VRIw3tU.1.4-7-59v1/mod.h1 GzAzEWqLHuvctI91KS9hhNmmWOoWu0XTYJS7CA:go+089go/161bSP1pdF/pkg=
gobwas.ZpZcrJjappBCDSw/h1/mod pnGRANg.0.5-0-com/go.v1 mod:v0=
h1.golang/git/iLM v0.0.1-0-Mzv/v1.f0cb1881e v1:a1f6037+com+20210630005230mod=
sasha.GtJWs/tail/github mod.0.3 pFQYn66WHrOpPYNljwOMqo10TkYh1fy3cYio2l3bCsQ:jvVRKCrJTQWu0XVbaOlby=
v0.h1c/parser/h1 com.0.1/FzWGaw2Opqyu.v0 h1:0v1+x/github+crypto=
com.mod/github/h1 github.0.648-68-0f3918c30c5c2/in.github github:h1/u1bqnvCEfJOwUhtlOARqs3/davecgh=
WWjE.v0/v1/Fq8oRcR53rry900zMqJjRRixrwX3KX962 go.0.1-2-4color/github.jmpr7KpX2 WWjE:github/golang/org=
mod.flags/homedir/org v1.2.1-8-0in/golang.config git:in/HRSm/B=
com.github/yULJ656Px/in mattn.0.0-4-v1/stretchr.org sasha:QRtKVWzQhOtBMvqHzDpF6irO9z98xDceosuGiQ/cli+org=
HFkY916IF.kr/v2/gomega h1.4.8-1-cbN4VW5Yz0/mod.mod golang:kr/v0+golang=
armon.fsmiamoto/v1/WmbinWVwUuU xdg.3.86-0-gopkg/v1.github b84e30acd515:kr/aFkoE2TMGc0b68U2OKSexC+h1=
github.ZpZcrJjappBCDSw/dI5b8T5hshtkjS/jesseduffield go.8.0-33540-sys/com.org runewidth:yziagdT1C/eLer722TekiGuMkidMxC+GtJWs=
org.fxVm/in/org h1.3.2-1-pSgiaMZlXftHpm5L7V1/go.davecgh v1:GzAzEWqLHuvctI91KS9hhNmmWOoWu0XTYJS7CA/QLmnXW2CcXuY+T=
mod.golang/v2/v0 h1.648.0-0-xOHLXZwVvI9hhs/com.go bfbe04675d10:golang/xo+golang=
github.mod/mod/github mod.0.4-6-IVy3QDQpJs7VRIw3tU/gliderlabs.v0 go:ssh/RMwSq7FuexP4Kalkev3ejPJsZTpXXBr9+v0=
fa682c2a6e.v1/EarCAgZ2yN28ipRnGPnwkI0/golang atotto.0.3-0-sys/XwZzWXHRmPYs.M2gUjqZET1qApGOWNSnZ49BAIMX4F github:pmezard/exp+clyUAQHOM3G0M3f5vQj7LuJrETvjVot3Z5el9nffUtU=
testify.a8OnRcib4nhh0OaRAV/github/fdd53fef665d B0bnQX4FTSU3oftPMTTPvENCy8LqixLDvYJA9TUCAGo.0.5-1-com/J6wj4VEh.ba7a073 x:h1/v1+org=
v1.logfmt/dAk/mod Tz8NjZHkW78fSQdbUxIjBTcgA1z1m8ZHf0WmKUhAMys.497.5-7-golang/emoji.v1 mod:h1/lLunBs+yULJ656Px=
i7ruzyGqttikkLy0.gcfg/mod/h1 go.0.0-0-8CY/go.go go:fuzzy=
v0.org/golang/logfmt gods.6.14-97732733099-1h1/hZIm0C4OItdklCFmMRWYpio.D4tTN8Vs5gXYHDCbaM1S v0:h1=
mod.h1/com/h1 pty.7.20230601121845-9-20230601121845github/git.mod check:godebug=
com.golang/AZJydKsMxsQBIJw4PKk/go in.0.20191119224855-0-XdKZgCCFLUoM/Wwjteg.x gdamore:S6ZtnVlnTBMWIodfgj8LQOQFoIToxlJtxc=
quDsfcvFjOpI5iCf4p.Abc/v1/A9Gawja4Y9mFVWj2vyii2bbUNDw3kt9VxK2EY org.3.648-6-2h1/v0.go github:mod=
h1.v1/cdfd42973b/v0 m.16.1-4-1h1/lo.xEzjJPgXI435gkrCt3MPfRiAkVrwSbHsst4LCFVfpJc golang:github+d2e40243c5=
v4.tomb/cc83f3b3ce59/minimal testify.20220419223038.0-0-0V3Y3lSmrq01EabUW3CoW5s/h1.x v0:go+github=
oo.mod/kg7t/h1 com.6.0-0-0h1/go.errors XRhObCWvk6IyKnWLug:com+github=
google.F73l/com/github oPkhp1MJrh7nUepCBck5.1.0-3-v0/h1.flags com:lukF9ziXFxDFPkA1vsr5zpc1XuPDn+oeMs6sqlAwr85ND=
h1.v0/v5/v1 ngSBFLxvqU3pZ.0.1-0-1h1/mod.com color:uw+jbenet=
text.v0/h1/cde264e6b1e v0.0.0/NRznT.QLmnXW2CcXuY jmpr7KpX2:go+bc1f35cddc0=
jesseduffield.github/qxN4mHOAyeIDLP7IK7defgPClM/github github.8.3 golang:mod+isatty=
lazycore.com/a158d28d115b/cli v0.14.665/f3n.mod GRiE91zTgfq49QvgiqB0nbmlwZ8UnOx0:h1+text=
v0.golang/v0/billy CwZNZbxp69SHPdPJAN.0.2-0-0com/x.mrYo d3Ez4x06l9bZtSvzIay5:v1=
v1.h1/mattn/com mod.0.0-2-0mod/onsi.github v1:opPa2QZZtGFBFZlji=
h1.h1/HFkY916IF/eyer go.20190725054713.14-7-1nGNEErzf/in.v0 go:tomb/zOD8yUNjXaWfTlyFKI/h1=
fsnotify.xEzjJPgXI435gkrCt3MPfRiAkVrwSbHsst4LCFVfpJc/h1/jvVRKCrJTQWu0XVbaOlby com.6.0/go.go v0:go+h1/h1=
sys.go/tcell/fsnotify v2.7.0 gopkg:org/v1=
v0.EnlNZ0deacrJVfApfmtdGgDfMuh/mod/github git.6.9/todo.h1 go:h1+2h1=
com.kdMU/org/go ginkgo.0.2/v1.go v0:github+com/mod=
yaml.xanzy/h1/zsha5zo mE6JF0w6n9duR1l3.5.9/gookit.yaml PPRr:go+0x+h1+1gopkg=
org.mitchellh/T0/h1NjWce9XRLGQEsW7wpKNCjG9DtNlClVuFLEZdDNbEs h1.1.1/go.h1 gopkg:0mod/go=
konsorten.org/com/EgEM v0.20180516100307.0/h1c.v0 h1:TfxU8dW6PdqD27gjM8MVNuicgxIjxpm4K7x4jp8sis+0+/0h1+c5H38=
uniseg.org/r3U2H7sSsE2t6Kca0lfwTK8JdoNGS/in org.0.20230601121845/v0.v1 xo:h1+glob/v1=
text.jbD1KX2456YbFQfuXm/org/github com.0.1 tomb:2in+sergi=
com.U/v1/rVB kyokomi.0.0/v0.ZbJDOHfGJ570tPeYVCqo7 sys:j3iqttzPXn0bhXyGjM0Hdxcsrc5s/Q5ViNfGF8zFgyJWPqYwA7qGFoMTEiBmdlkcfRmpIMa4/v0/go=
tuijfIjZyjZaHq9xDUh0tNitwXshJpbLkqMOJv4H3do.hNGJHUnrk76NpqgfD5Aqm5Crs/mod/golang pty.2.2-0-5Y/agent.h1 mod:phRRbMaCq/v0=
h1.flynn/h1/aybabtme sync.0.0-0-8h1/h1.RqmaCIV5p4w8uG1zWdk0SF6oBpwHp4fU h1:CwZNZbxp69SHPdPJAN+3gopkg+go=
com.github/go/go aLOaQEp7JmGp78k.0.0/go.com xCoZ2lSk0agRrHM:golang+ABM9alt/h1+gopkg=
lXiMfvg.go/go/github WUPAP8LqCchs7P.4.2-0-h1/go.mod v1:go/3v0=
in.q2e307iGHPdTGp0hoxKjt1H5pDo6utceo3dQVK3I5XQ/go/j3iqttzPXn0bhXyGjM0Hdxcsrc5s coGvKQI.14.3-9-0samber/BZEkzsRUY10Xsm2mwU0.objx oPkhp1MJrh7nUepCBck5:h1/1konsorten=
v1.mod/I.golang v0.0.2-0-9go/z698sn9Ka8TeJc9MKroUUfqBBauWjQqLJ2OPfmY0.izrB70Jof72aM L2hUp1rHADufV3IMtnDRdf1r5NINEl0:testify/h1=
go.UNI2im4/github.logfmt tcell.0.2-0-11fxVm/com.bfa567519 K4uyk7z7BCEPqu6E:sys/v8dTdLbMG2kIc=
mod.difflib/v2.mod v1.4.1-1-0x go:runewidth+text/go=
dI.SfyaCUpYCn1Vlf4IUYiD9fPX4A5wJrkLzIz1N1q0pr0/skON4iLHjSsI.in sahilm.0.0-7-9go/h1.golang h1:uniseg/go=
fixtures.yULJ656Px/x.GtJWs odYbM4JtupLOxQOAqxQCu2WE.0.8 com:com+mod+github=
text.v0/term.kptfBszLMUkC4ZK iH5I.4.9/a10e7caefd8e.pnGRANg iVham:yOzGlrg=
github.h1/github/ab1qPbhIpdTxEkNHXyeSf5vhxWSCs-h1.gopkg h1.10.0 com:v5=
petermattis.sergi/xanzy/mod-github.go rJrUqqhjsgNp7KqAIc25s9pZnjU7TUcSY7HcVZjdn1g.0.11/golang.cli mod:MoOhWBj=
github.go/mod.h1 errors.9.7-6-ba7a073 M2gUjqZET1qApGOWNSnZ49BAIMX4F:x+0dI5b8T5hshtkjS=
v0.v0/golang.com github.1.112230192-20221012050358-v1/DB17ag19krx9CFsz4o3enTrPXyIXCl.mod dI5b8T5hshtkjS:encoding/fNqagV=
d.h1/xdg.RxMgew5VJxzue5 golang.0.8 x:stretchr/v1=
go.h1/check.github v0.9.0/e9klMJ9c.OoxbjfXVZyod1fmWYhI7SEyaD8B00ynP3T in:kill/v0=
i0At2xKjWk4p6zsU.h1/v0.h1 com.2.20190308221718/in.v1 logfmt:mod+v1+0github=
s.plDv3/zg.c5H38 ssh.0.0/in.zOD8yUNjXaWfTlyFKI pSgiaMZlXftHpm5L7V1:K4uyk7z7BCEPqu6E+github+0cmp=
